
Microsoft Visual Studio Solution File, Format Version 12.00
# Visual Studio 15
VisualStudioVersion = 15.0.28307.421
MinimumVisualStudioVersion = 10.0.40219.1
Project("{FAE04EC0-301F-11D3-BF4B-00C04F79EFBC}") = "SS2", "SS2\SS2.csproj", "{2E255FB7-DB96-4B18-9DAD-A84260E6225B}"
EndProject
Global
	GlobalSection(SolutionConfigurationPlatforms) = preSolution
		Debug|Any CPU = Debug|Any CPU
		Release|Any CPU = Release|Any CPU
	EndGlobalSection
	GlobalSection(ProjectConfigurationPlatforms) = postSolution
		{2E255FB7-DB96-4B18-9DAD-A84260E6225B}.Debug|Any CPU.ActiveCfg = Debug|Any CPU
		{2E255FB7-DB96-4B18-9DAD-A84260E6225B}.Debug|Any CPU.Build.0 = Debug|Any CPU
		{2E255FB7-DB96-4B18-9DAD-A84260E6225B}.Release|Any CPU.ActiveCfg = Release|Any CPU
		{2E255FB7-DB96-4B18-9DAD-A84260E6225B}.Release|Any CPU.Build.0 = Release|Any CPU
	EndGlobalSection
	GlobalSection(SolutionProperties) = preSolution
		HideSolutionNode = FALSE
	EndGlobalSection
	GlobalSection(ExtensibilityGlobals) = postSolution
		SolutionGuid = {7B9CE4D6-D955-498B-A74C-F77BFB2BFCEF}
	EndGlobalSection
EndGlobal
